
Microsoft Visual Studio Solution File, Format Version 12.00
# Visual Studio Version 17
VisualStudioVersion = 17.5.002.0
MinimumVisualStudioVersion = 10.0.40219.1
Project("{9A19103F-16F7-4668-BE54-9A1E7A4F7556}") = "FackyWackyExtensions", "FackyWackyExtensions.csproj", "{8614AFC7-0725-43DD-B805-7A143FDBE14F}"
EndProject
Global
	GlobalSection(SolutionConfigurationPlatforms) = preSolution
		Debug|Any CPU = Debug|Any CPU
		Release|Any CPU = Release|Any CPU
	EndGlobalSection
	GlobalSection(ProjectConfigurationPlatforms) = postSolution
		{8614AFC7-0725-43DD-B805-7A143FDBE14F}.Debug|Any CPU.ActiveCfg = Debug|Any CPU
		{8614AFC7-0725-43DD-B805-7A143FDBE14F}.Debug|Any CPU.Build.0 = Debug|Any CPU
		{8614AFC7-0725-43DD-B805-7A143FDBE14F}.Release|Any CPU.ActiveCfg = Release|Any CPU
		{8614AFC7-0725-43DD-B805-7A143FDBE14F}.Release|Any CPU.Build.0 = Release|Any CPU
	EndGlobalSection
	GlobalSection(SolutionProperties) = preSolution
		HideSolutionNode = FALSE
	EndGlobalSection
	GlobalSection(ExtensibilityGlobals) = postSolution
		SolutionGuid = {A86B7950-18B2-4FD7-87ED-2C3A8A5556D6}
	EndGlobalSection
EndGlobal
